
Microsoft Visual Studio Solution File, Format Version 12.00
# Visual Studio Version 16
VisualStudioVersion = 16.0.29709.97
MinimumVisualStudioVersion = 10.0.40219.1
Project("{FAE04EC0-301F-11D3-BF4B-00C04F79EFBC}") = "OnlineRealEstate", "OnlineRealEstate\OnlineRealEstate.csproj", "{ECD1E49B-9BBA-44CB-A364-E39E74775239}"
EndProject
Project("{FAE04EC0-301F-11D3-BF4B-00C04F79EFBC}") = "OnlineRealEstateRepositary", "OnlineRealEstateRepositary\OnlineRealEstateRepositary.csproj", "{A6435FC7-D235-474D-81D6-3C0A6F5A1033}"
EndProject
Project("{FAE04EC0-301F-11D3-BF4B-00C04F79EFBC}") = "OnlineRealEstateEntity", "OnlineRealEstateEntity\OnlineRealEstateEntity.csproj", "{A2C287D4-C28B-4555-B5E0-4B96AF628D8B}"
EndProject
Global
	GlobalSection(SolutionConfigurationPlatforms) = preSolution
		Debug|Any CPU = Debug|Any CPU
		Release|Any CPU = Release|Any CPU
	EndGlobalSection
	GlobalSection(ProjectConfigurationPlatforms) = postSolution
		{ECD1E49B-9BBA-44CB-A364-E39E74775239}.Debug|Any CPU.ActiveCfg = Debug|Any CPU
		{ECD1E49B-9BBA-44CB-A364-E39E74775239}.Debug|Any CPU.Build.0 = Debug|Any CPU
		{ECD1E49B-9BBA-44CB-A364-E39E74775239}.Release|Any CPU.ActiveCfg = Release|Any CPU
		{ECD1E49B-9BBA-44CB-A364-E39E74775239}.Release|Any CPU.Build.0 = Release|Any CPU
		{A6435FC7-D235-474D-81D6-3C0A6F5A1033}.Debug|Any CPU.ActiveCfg = Debug|Any CPU
		{A6435FC7-D235-474D-81D6-3C0A6F5A1033}.Debug|Any CPU.Build.0 = Debug|Any CPU
		{A6435FC7-D235-474D-81D6-3C0A6F5A1033}.Release|Any CPU.ActiveCfg = Release|Any CPU
		{A6435FC7-D235-474D-81D6-3C0A6F5A1033}.Release|Any CPU.Build.0 = Release|Any CPU
		{A2C287D4-C28B-4555-B5E0-4B96AF628D8B}.Debug|Any CPU.ActiveCfg = Debug|Any CPU
		{A2C287D4-C28B-4555-B5E0-4B96AF628D8B}.Debug|Any CPU.Build.0 = Debug|Any CPU
		{A2C287D4-C28B-4555-B5E0-4B96AF628D8B}.Release|Any CPU.ActiveCfg = Release|Any CPU
		{A2C287D4-C28B-4555-B5E0-4B96AF628D8B}.Release|Any CPU.Build.0 = Release|Any CPU
	EndGlobalSection
	GlobalSection(SolutionProperties) = preSolution
		HideSolutionNode = FALSE
	EndGlobalSection
	GlobalSection(ExtensibilityGlobals) = postSolution
		SolutionGuid = {433B21EA-6DCB-4F35-B061-D64D9ACDFA87}
	EndGlobalSection
EndGlobal
